// !$*UTF8*$!
{
	archiveVersion = 1;
	classes = {
	};
	objectVersion = 48;
	objects = {

/* Begin PBXBuildFile section */
		7EB451C18F01497E2ADB3F36 /* RickAndMortyAPI.swift in Sources */ = {isa = PBXBuildFile; fileRef = 7EB45BE028C30E41FD8CA961 /* RickAndMortyAPI.swift */; };
		7EB4549C4D7F6C36C9B77CE5 /* Info.swift in Sources */ = {isa = PBXBuildFile; fileRef = 7EB4596B6CC7BE9F7F1781AC /* Info.swift */; };
		7EB455B3889191878E996AF2 /* Networkable.swift in Sources */ = {isa = PBXBuildFile; fileRef = 7EB453C2182713BE32CFAC27 /* Networkable.swift */; };
		7EB45B13848C292D48F1A6E3 /* NetworkManager.swift in Sources */ = {isa = PBXBuildFile; fileRef = 7EB45DAB6866E6B0F6A67548 /* NetworkManager.swift */; };
		7F325C1620A23DC100F5630F /* Get Schwifty.ttf in Resources */ = {isa = PBXBuildFile; fileRef = 7F325C1520A23DC100F5630F /* Get Schwifty.ttf */; };
		7F325C1A20A36E5100F5630F /* ColorExtensions.swift in Sources */ = {isa = PBXBuildFile; fileRef = 7F325C1920A36E5100F5630F /* ColorExtensions.swift */; };
		7F325C1C20A4C5B700F5630F /* RickView.swift in Sources */ = {isa = PBXBuildFile; fileRef = 7F325C1B20A4C5B700F5630F /* RickView.swift */; };
		7F325C1E20A4C86500F5630F /* RickImageView.swift in Sources */ = {isa = PBXBuildFile; fileRef = 7F325C1D20A4C86500F5630F /* RickImageView.swift */; };
		7F325C2020A4FEE700F5630F /* CharacterDetailViewController.swift in Sources */ = {isa = PBXBuildFile; fileRef = 7F325C1F20A4FEE700F5630F /* CharacterDetailViewController.swift */; };
		7F325C2620A8728F00F5630F /* BaseListViewController.swift in Sources */ = {isa = PBXBuildFile; fileRef = 7F325C2520A8728F00F5630F /* BaseListViewController.swift */; };
		7F325C2820A8756F00F5630F /* EpisodeTableViewCell.swift in Sources */ = {isa = PBXBuildFile; fileRef = 7F325C2720A8756F00F5630F /* EpisodeTableViewCell.swift */; };
		7F325C2A20A8757A00F5630F /* LocationTableViewCell.swift in Sources */ = {isa = PBXBuildFile; fileRef = 7F325C2920A8757A00F5630F /* LocationTableViewCell.swift */; };
		7F325C2C20A8D6B900F5630F /* EpisodeDetailViewController.swift in Sources */ = {isa = PBXBuildFile; fileRef = 7F325C2B20A8D6B900F5630F /* EpisodeDetailViewController.swift */; };
		7F325C2E20A8E68600F5630F /* DetailTableViewCell.swift in Sources */ = {isa = PBXBuildFile; fileRef = 7F325C2D20A8E68600F5630F /* DetailTableViewCell.swift */; };
		7F5877D7209F55AA0061A29B /* AppDelegate.swift in Sources */ = {isa = PBXBuildFile; fileRef = 7F5877D6209F55AA0061A29B /* AppDelegate.swift */; };
		7F5877D9209F55AA0061A29B /* CharacterListViewController.swift in Sources */ = {isa = PBXBuildFile; fileRef = 7F5877D8209F55AA0061A29B /* CharacterListViewController.swift */; };
		7F5877DB209F55AA0061A29B /* EpisodeListViewController.swift in Sources */ = {isa = PBXBuildFile; fileRef = 7F5877DA209F55AA0061A29B /* EpisodeListViewController.swift */; };
		7F5877DE209F55AA0061A29B /* Main.storyboard in Resources */ = {isa = PBXBuildFile; fileRef = 7F5877DC209F55AA0061A29B /* Main.storyboard */; };
		7F5877E0209F55AA0061A29B /* Assets.xcassets in Resources */ = {isa = PBXBuildFile; fileRef = 7F5877DF209F55AA0061A29B /* Assets.xcassets */; };
		7F5877E3209F55AA0061A29B /* LaunchScreen.storyboard in Resources */ = {isa = PBXBuildFile; fileRef = 7F5877E1209F55AA0061A29B /* LaunchScreen.storyboard */; };
		7F5877EE209F55AA0061A29B /* Everything_Rick_and_MortyTests.swift in Sources */ = {isa = PBXBuildFile; fileRef = 7F5877ED209F55AA0061A29B /* Everything_Rick_and_MortyTests.swift */; };
		7F5877F9209F55AA0061A29B /* Everything_Rick_and_MortyUITests.swift in Sources */ = {isa = PBXBuildFile; fileRef = 7F5877F8209F55AA0061A29B /* Everything_Rick_and_MortyUITests.swift */; };
		7F587807209F58E00061A29B /* LocationListViewController.swift in Sources */ = {isa = PBXBuildFile; fileRef = 7F587806209F58E00061A29B /* LocationListViewController.swift */; };
		7F58780E209F5C900061A29B /* Character.swift in Sources */ = {isa = PBXBuildFile; fileRef = 7F58780D209F5C900061A29B /* Character.swift */; };
		7F587810209F64EA0061A29B /* Location.swift in Sources */ = {isa = PBXBuildFile; fileRef = 7F58780F209F64EA0061A29B /* Location.swift */; };
		7F587812209F65D00061A29B /* Episode.swift in Sources */ = {isa = PBXBuildFile; fileRef = 7F587811209F65D00061A29B /* Episode.swift */; };
		7F58781420A05AED0061A29B /* CharacterTableViewCell.swift in Sources */ = {isa = PBXBuildFile; fileRef = 7F58781320A05AED0061A29B /* CharacterTableViewCell.swift */; };
		87AC6447CC61BB538F29D937 /* Pods_Everything_Rick_and_MortyTests.framework in Frameworks */ = {isa = PBXBuildFile; fileRef = A04A4B104823590327AE9889 /* Pods_Everything_Rick_and_MortyTests.framework */; };
		C0E6DE486D7378148EE3A7AB /* Pods_Everything_Rick_and_Morty.framework in Frameworks */ = {isa = PBXBuildFile; fileRef = 10EF83E0A1206F0B45925038 /* Pods_Everything_Rick_and_Morty.framework */; };
		E8BD30FFDF3132A306D2E130 /* Pods_Everything_Rick_and_MortyUITests.framework in Frameworks */ = {isa = PBXBuildFile; fileRef = EFDA40994D524B66173BFC91 /* Pods_Everything_Rick_and_MortyUITests.framework */; };
/* End PBXBuildFile section */

/* Begin PBXContainerItemProxy section */
		7F5877EA209F55AA0061A29B /* PBXContainerItemProxy */ = {
			isa = PBXContainerItemProxy;
			containerPortal = 7F5877CB209F55AA0061A29B /* Project object */;
			proxyType = 1;
			remoteGlobalIDString = 7F5877D2209F55AA0061A29B;
			remoteInfo = "Everything Rick and Morty";
		};
		7F5877F5209F55AA0061A29B /* PBXContainerItemProxy */ = {
			isa = PBXContainerItemProxy;
			containerPortal = 7F5877CB209F55AA0061A29B /* Project object */;
			proxyType = 1;
			remoteGlobalIDString = 7F5877D2209F55AA0061A29B;
			remoteInfo = "Everything Rick and Morty";
		};
/* End PBXContainerItemProxy section */

/* Begin PBXFileReference section */
		0223317E92E6F0760327AF21 /* Pods-Everything Rick and Morty.release.xcconfig */ = {isa = PBXFileReference; includeInIndex = 1; lastKnownFileType = text.xcconfig; name = "Pods-Everything Rick and Morty.release.xcconfig"; path = "Pods/Target Support Files/Pods-Everything Rick and Morty/Pods-Everything Rick and Morty.release.xcconfig"; sourceTree = "<group>"; };
		071098FA04C2074D4FEAE122 /* Pods-Everything Rick and MortyUITests.release.xcconfig */ = {isa = PBXFileReference; includeInIndex = 1; lastKnownFileType = text.xcconfig; name = "Pods-Everything Rick and MortyUITests.release.xcconfig"; path = "Pods/Target Support Files/Pods-Everything Rick and MortyUITests/Pods-Everything Rick and MortyUITests.release.xcconfig"; sourceTree = "<group>"; };
		0797110E7FE9FF2E3AB94E9B /* Pods-Everything Rick and MortyTests.release.xcconfig */ = {isa = PBXFileReference; includeInIndex = 1; lastKnownFileType = text.xcconfig; name = "Pods-Everything Rick and MortyTests.release.xcconfig"; path = "Pods/Target Support Files/Pods-Everything Rick and MortyTests/Pods-Everything Rick and MortyTests.release.xcconfig"; sourceTree = "<group>"; };
		10EF83E0A1206F0B45925038 /* Pods_Everything_Rick_and_Morty.framework */ = {isa = PBXFileReference; explicitFileType = wrapper.framework; includeInIndex = 0; path = Pods_Everything_Rick_and_Morty.framework; sourceTree = BUILT_PRODUCTS_DIR; };
		3D7FB22B0003CC6E8C425014 /* Pods-Everything Rick and MortyUITests.debug.xcconfig */ = {isa = PBXFileReference; includeInIndex = 1; lastKnownFileType = text.xcconfig; name = "Pods-Everything Rick and MortyUITests.debug.xcconfig"; path = "Pods/Target Support Files/Pods-Everything Rick and MortyUITests/Pods-Everything Rick and MortyUITests.debug.xcconfig"; sourceTree = "<group>"; };
		7EB453C2182713BE32CFAC27 /* Networkable.swift */ = {isa = PBXFileReference; fileEncoding = 4; lastKnownFileType = sourcecode.swift; path = Networkable.swift; sourceTree = "<group>"; };
		7EB4596B6CC7BE9F7F1781AC /* Info.swift */ = {isa = PBXFileReference; fileEncoding = 4; lastKnownFileType = sourcecode.swift; path = Info.swift; sourceTree = "<group>"; };
		7EB45BE028C30E41FD8CA961 /* RickAndMortyAPI.swift */ = {isa = PBXFileReference; fileEncoding = 4; lastKnownFileType = sourcecode.swift; path = RickAndMortyAPI.swift; sourceTree = "<group>"; };
		7EB45DAB6866E6B0F6A67548 /* NetworkManager.swift */ = {isa = PBXFileReference; fileEncoding = 4; lastKnownFileType = sourcecode.swift; path = NetworkManager.swift; sourceTree = "<group>"; };
		7F325C1520A23DC100F5630F /* Get Schwifty.ttf */ = {isa = PBXFileReference; lastKnownFileType = file; path = "Get Schwifty.ttf"; sourceTree = "<group>"; };
		7F325C1920A36E5100F5630F /* ColorExtensions.swift */ = {isa = PBXFileReference; lastKnownFileType = sourcecode.swift; path = ColorExtensions.swift; sourceTree = "<group>"; };
		7F325C1B20A4C5B700F5630F /* RickView.swift */ = {isa = PBXFileReference; lastKnownFileType = sourcecode.swift; path = RickView.swift; sourceTree = "<group>"; };
		7F325C1D20A4C86500F5630F /* RickImageView.swift */ = {isa = PBXFileReference; lastKnownFileType = sourcecode.swift; path = RickImageView.swift; sourceTree = "<group>"; };
		7F325C1F20A4FEE700F5630F /* CharacterDetailViewController.swift */ = {isa = PBXFileReference; lastKnownFileType = sourcecode.swift; path = CharacterDetailViewController.swift; sourceTree = "<group>"; };
		7F325C2520A8728F00F5630F /* BaseListViewController.swift */ = {isa = PBXFileReference; lastKnownFileType = sourcecode.swift; path = BaseListViewController.swift; sourceTree = "<group>"; };
		7F325C2720A8756F00F5630F /* EpisodeTableViewCell.swift */ = {isa = PBXFileReference; lastKnownFileType = sourcecode.swift; path = EpisodeTableViewCell.swift; sourceTree = "<group>"; };
		7F325C2920A8757A00F5630F /* LocationTableViewCell.swift */ = {isa = PBXFileReference; lastKnownFileType = sourcecode.swift; path = LocationTableViewCell.swift; sourceTree = "<group>"; };
		7F325C2B20A8D6B900F5630F /* EpisodeDetailViewController.swift */ = {isa = PBXFileReference; lastKnownFileType = sourcecode.swift; path = EpisodeDetailViewController.swift; sourceTree = "<group>"; };
		7F325C2D20A8E68600F5630F /* DetailTableViewCell.swift */ = {isa = PBXFileReference; lastKnownFileType = sourcecode.swift; path = DetailTableViewCell.swift; sourceTree = "<group>"; };
		7F5877D3209F55AA0061A29B /* Everything Rick and Morty.app */ = {isa = PBXFileReference; explicitFileType = wrapper.application; includeInIndex = 0; path = "Everything Rick and Morty.app"; sourceTree = BUILT_PRODUCTS_DIR; };
		7F5877D6209F55AA0061A29B /* AppDelegate.swift */ = {isa = PBXFileReference; lastKnownFileType = sourcecode.swift; path = AppDelegate.swift; sourceTree = "<group>"; };
		7F5877D8209F55AA0061A29B /* CharacterListViewController.swift */ = {isa = PBXFileReference; lastKnownFileType = sourcecode.swift; path = CharacterListViewController.swift; sourceTree = "<group>"; };
		7F5877DA209F55AA0061A29B /* EpisodeListViewController.swift */ = {isa = PBXFileReference; lastKnownFileType = sourcecode.swift; path = EpisodeListViewController.swift; sourceTree = "<group>"; };
		7F5877DD209F55AA0061A29B /* Base */ = {isa = PBXFileReference; lastKnownFileType = file.storyboard; name = Base; path = Base.lproj/Main.storyboard; sourceTree = "<group>"; };
		7F5877DF209F55AA0061A29B /* Assets.xcassets */ = {isa = PBXFileReference; lastKnownFileType = folder.assetcatalog; path = Assets.xcassets; sourceTree = "<group>"; };
		7F5877E2209F55AA0061A29B /* Base */ = {isa = PBXFileReference; lastKnownFileType = file.storyboard; name = Base; path = Base.lproj/LaunchScreen.storyboard; sourceTree = "<group>"; };
		7F5877E4209F55AA0061A29B /* Info.plist */ = {isa = PBXFileReference; lastKnownFileType = text.plist.xml; path = Info.plist; sourceTree = "<group>"; };
		7F5877E9209F55AA0061A29B /* Everything Rick and MortyTests.xctest */ = {isa = PBXFileReference; explicitFileType = wrapper.cfbundle; includeInIndex = 0; path = "Everything Rick and MortyTests.xctest"; sourceTree = BUILT_PRODUCTS_DIR; };
		7F5877ED209F55AA0061A29B /* Everything_Rick_and_MortyTests.swift */ = {isa = PBXFileReference; lastKnownFileType = sourcecode.swift; path = Everything_Rick_and_MortyTests.swift; sourceTree = "<group>"; };
		7F5877EF209F55AA0061A29B /* Info.plist */ = {isa = PBXFileReference; lastKnownFileType = text.plist.xml; path = Info.plist; sourceTree = "<group>"; };
		7F5877F4209F55AA0061A29B /* Everything Rick and MortyUITests.xctest */ = {isa = PBXFileReference; explicitFileType = wrapper.cfbundle; includeInIndex = 0; path = "Everything Rick and MortyUITests.xctest"; sourceTree = BUILT_PRODUCTS_DIR; };
		7F5877F8209F55AA0061A29B /* Everything_Rick_and_MortyUITests.swift */ = {isa = PBXFileReference; lastKnownFileType = sourcecode.swift; path = Everything_Rick_and_MortyUITests.swift; sourceTree = "<group>"; };
		7F5877FA209F55AA0061A29B /* Info.plist */ = {isa = PBXFileReference; lastKnownFileType = text.plist.xml; path = Info.plist; sourceTree = "<group>"; };
		7F587806209F58E00061A29B /* LocationListViewController.swift */ = {isa = PBXFileReference; lastKnownFileType = sourcecode.swift; path = LocationListViewController.swift; sourceTree = "<group>"; };
		7F58780D209F5C900061A29B /* Character.swift */ = {isa = PBXFileReference; lastKnownFileType = sourcecode.swift; path = Character.swift; sourceTree = "<group>"; };
		7F58780F209F64EA0061A29B /* Location.swift */ = {isa = PBXFileReference; lastKnownFileType = sourcecode.swift; path = Location.swift; sourceTree = "<group>"; };
		7F587811209F65D00061A29B /* Episode.swift */ = {isa = PBXFileReference; lastKnownFileType = sourcecode.swift; path = Episode.swift; sourceTree = "<group>"; };
		7F58781320A05AED0061A29B /* CharacterTableViewCell.swift */ = {isa = PBXFileReference; lastKnownFileType = sourcecode.swift; path = CharacterTableViewCell.swift; sourceTree = "<group>"; };
		A04A4B104823590327AE9889 /* Pods_Everything_Rick_and_MortyTests.framework */ = {isa = PBXFileReference; explicitFileType = wrapper.framework; includeInIndex = 0; path = Pods_Everything_Rick_and_MortyTests.framework; sourceTree = BUILT_PRODUCTS_DIR; };
		B9FC28A094C794986508743D /* Pods-Everything Rick and MortyTests.debug.xcconfig */ = {isa = PBXFileReference; includeInIndex = 1; lastKnownFileType = text.xcconfig; name = "Pods-Everything Rick and MortyTests.debug.xcconfig"; path = "Pods/Target Support Files/Pods-Everything Rick and MortyTests/Pods-Everything Rick and MortyTests.debug.xcconfig"; sourceTree = "<group>"; };
		C36ED23E3B66E3A46DACE3F9 /* Pods-Everything Rick and Morty.debug.xcconfig */ = {isa = PBXFileReference; includeInIndex = 1; lastKnownFileType = text.xcconfig; name = "Pods-Everything Rick and Morty.debug.xcconfig"; path = "Pods/Target Support Files/Pods-Everything Rick and Morty/Pods-Everything Rick and Morty.debug.xcconfig"; sourceTree = "<group>"; };
		EFDA40994D524B66173BFC91 /* Pods_Everything_Rick_and_MortyUITests.framework */ = {isa = PBXFileReference; explicitFileType = wrapper.framework; includeInIndex = 0; path = Pods_Everything_Rick_and_MortyUITests.framework; sourceTree = BUILT_PRODUCTS_DIR; };
/* End PBXFileReference section */

/* Begin PBXFrameworksBuildPhase section */
		7F5877D0209F55AA0061A29B /* Frameworks */ = {
			isa = PBXFrameworksBuildPhase;
			buildActionMask = 2147483647;
			files = (
				C0E6DE486D7378148EE3A7AB /* Pods_Everything_Rick_and_Morty.framework in Frameworks */,
			);
			runOnlyForDeploymentPostprocessing = 0;
		};
		7F5877E6209F55AA0061A29B /* Frameworks */ = {
			isa = PBXFrameworksBuildPhase;
			buildActionMask = 2147483647;
			files = (
				87AC6447CC61BB538F29D937 /* Pods_Everything_Rick_and_MortyTests.framework in Frameworks */,
			);
			runOnlyForDeploymentPostprocessing = 0;
		};
		7F5877F1209F55AA0061A29B /* Frameworks */ = {
			isa = PBXFrameworksBuildPhase;
			buildActionMask = 2147483647;
			files = (
				E8BD30FFDF3132A306D2E130 /* Pods_Everything_Rick_and_MortyUITests.framework in Frameworks */,
			);
			runOnlyForDeploymentPostprocessing = 0;
		};
/* End PBXFrameworksBuildPhase section */

/* Begin PBXGroup section */
		5369A8850E803184FDFC5C5D /* Frameworks */ = {
			isa = PBXGroup;
			children = (
				10EF83E0A1206F0B45925038 /* Pods_Everything_Rick_and_Morty.framework */,
				A04A4B104823590327AE9889 /* Pods_Everything_Rick_and_MortyTests.framework */,
				EFDA40994D524B66173BFC91 /* Pods_Everything_Rick_and_MortyUITests.framework */,
			);
			name = Frameworks;
			sourceTree = "<group>";
		};
		7F325C1720A23DC600F5630F /* Fonts */ = {
			isa = PBXGroup;
			children = (
				7F325C1520A23DC100F5630F /* Get Schwifty.ttf */,
			);
			path = Fonts;
			sourceTree = "<group>";
		};
		7F325C1820A36E3700F5630F /* Extensions */ = {
			isa = PBXGroup;
			children = (
				7F325C1920A36E5100F5630F /* ColorExtensions.swift */,
			);
			path = Extensions;
			sourceTree = "<group>";
		};
		7F5877CA209F55AA0061A29B = {
			isa = PBXGroup;
			children = (
				7F5877D5209F55AA0061A29B /* Everything Rick and Morty */,
				7F5877EC209F55AA0061A29B /* Everything Rick and MortyTests */,
				7F5877F7209F55AA0061A29B /* Everything Rick and MortyUITests */,
				7F5877D4209F55AA0061A29B /* Products */,
				942CB19851C4C07715ABDB58 /* Pods */,
				5369A8850E803184FDFC5C5D /* Frameworks */,
			);
			sourceTree = "<group>";
		};
		7F5877D4209F55AA0061A29B /* Products */ = {
			isa = PBXGroup;
			children = (
				7F5877D3209F55AA0061A29B /* Everything Rick and Morty.app */,
				7F5877E9209F55AA0061A29B /* Everything Rick and MortyTests.xctest */,
				7F5877F4209F55AA0061A29B /* Everything Rick and MortyUITests.xctest */,
			);
			name = Products;
			sourceTree = "<group>";
		};
		7F5877D5209F55AA0061A29B /* Everything Rick and Morty */ = {
			isa = PBXGroup;
			children = (
				7F325C1820A36E3700F5630F /* Extensions */,
				7F325C1720A23DC600F5630F /* Fonts */,
				7F58780C209F59140061A29B /* Helper */,
				7F58780B209F59080061A29B /* Networking */,
				7F58780A209F59020061A29B /* View */,
				7F587809209F58FD0061A29B /* Model */,
				7F587808209F58ED0061A29B /* Controller */,
				7F5877D6209F55AA0061A29B /* AppDelegate.swift */,
				7F5877DC209F55AA0061A29B /* Main.storyboard */,
				7F5877DF209F55AA0061A29B /* Assets.xcassets */,
				7F5877E1209F55AA0061A29B /* LaunchScreen.storyboard */,
				7F5877E4209F55AA0061A29B /* Info.plist */,
			);
			path = "Everything Rick and Morty";
			sourceTree = "<group>";
		};
		7F5877EC209F55AA0061A29B /* Everything Rick and MortyTests */ = {
			isa = PBXGroup;
			children = (
				7F5877ED209F55AA0061A29B /* Everything_Rick_and_MortyTests.swift */,
				7F5877EF209F55AA0061A29B /* Info.plist */,
			);
			path = "Everything Rick and MortyTests";
			sourceTree = "<group>";
		};
		7F5877F7209F55AA0061A29B /* Everything Rick and MortyUITests */ = {
			isa = PBXGroup;
			children = (
				7F5877F8209F55AA0061A29B /* Everything_Rick_and_MortyUITests.swift */,
				7F5877FA209F55AA0061A29B /* Info.plist */,
			);
			path = "Everything Rick and MortyUITests";
			sourceTree = "<group>";
		};
		7F587808209F58ED0061A29B /* Controller */ = {
			isa = PBXGroup;
			children = (
				7F5877D8209F55AA0061A29B /* CharacterListViewController.swift */,
				7F5877DA209F55AA0061A29B /* EpisodeListViewController.swift */,
				7F587806209F58E00061A29B /* LocationListViewController.swift */,
				7F325C1F20A4FEE700F5630F /* CharacterDetailViewController.swift */,
				7F325C2520A8728F00F5630F /* BaseListViewController.swift */,
				7F325C2B20A8D6B900F5630F /* EpisodeDetailViewController.swift */,
			);
			path = Controller;
			sourceTree = "<group>";
		};
		7F587809209F58FD0061A29B /* Model */ = {
			isa = PBXGroup;
			children = (
				7F58780D209F5C900061A29B /* Character.swift */,
				7F58780F209F64EA0061A29B /* Location.swift */,
				7F587811209F65D00061A29B /* Episode.swift */,
				7EB4596B6CC7BE9F7F1781AC /* Info.swift */,
			);
			path = Model;
			sourceTree = "<group>";
		};
		7F58780A209F59020061A29B /* View */ = {
			isa = PBXGroup;
			children = (
				7F58781320A05AED0061A29B /* CharacterTableViewCell.swift */,
				7F325C1B20A4C5B700F5630F /* RickView.swift */,
				7F325C1D20A4C86500F5630F /* RickImageView.swift */,
				7F325C2720A8756F00F5630F /* EpisodeTableViewCell.swift */,
				7F325C2920A8757A00F5630F /* LocationTableViewCell.swift */,
				7F325C2D20A8E68600F5630F /* DetailTableViewCell.swift */,
			);
			path = View;
			sourceTree = "<group>";
		};
		7F58780B209F59080061A29B /* Networking */ = {
			isa = PBXGroup;
			children = (
				7EB45BE028C30E41FD8CA961 /* RickAndMortyAPI.swift */,
				7EB453C2182713BE32CFAC27 /* Networkable.swift */,
				7EB45DAB6866E6B0F6A67548 /* NetworkManager.swift */,
			);
			path = Networking;
			sourceTree = "<group>";
		};
		7F58780C209F59140061A29B /* Helper */ = {
			isa = PBXGroup;
			children = (
			);
			path = Helper;
			sourceTree = "<group>";
		};
		942CB19851C4C07715ABDB58 /* Pods */ = {
			isa = PBXGroup;
			children = (
				C36ED23E3B66E3A46DACE3F9 /* Pods-Everything Rick and Morty.debug.xcconfig */,
				0223317E92E6F0760327AF21 /* Pods-Everything Rick and Morty.release.xcconfig */,
				B9FC28A094C794986508743D /* Pods-Everything Rick and MortyTests.debug.xcconfig */,
				0797110E7FE9FF2E3AB94E9B /* Pods-Everything Rick and MortyTests.release.xcconfig */,
				3D7FB22B0003CC6E8C425014 /* Pods-Everything Rick and MortyUITests.debug.xcconfig */,
				071098FA04C2074D4FEAE122 /* Pods-Everything Rick and MortyUITests.release.xcconfig */,
			);
			name = Pods;
			sourceTree = "<group>";
		};
/* End PBXGroup section */

/* Begin PBXNativeTarget section */
		7F5877D2209F55AA0061A29B /* Everything Rick and Morty */ = {
			isa = PBXNativeTarget;
			buildConfigurationList = 7F5877FD209F55AA0061A29B /* Build configuration list for PBXNativeTarget "Everything Rick and Morty" */;
			buildPhases = (
				AAB1FCC48B5D5EB58B97B7E8 /* [CP] Check Pods Manifest.lock */,
				7F5877CF209F55AA0061A29B /* Sources */,
				7F5877D0209F55AA0061A29B /* Frameworks */,
				7F5877D1209F55AA0061A29B /* Resources */,
				1255C5B4A5E2F9B018707A62 /* [CP] Embed Pods Frameworks */,
				CDF21A2A20A2526186925A65 /* [CP] Copy Pods Resources */,
			);
			buildRules = (
			);
			dependencies = (
			);
			name = "Everything Rick and Morty";
			productName = "Everything Rick and Morty";
			productReference = 7F5877D3209F55AA0061A29B /* Everything Rick and Morty.app */;
			productType = "com.apple.product-type.application";
		};
		7F5877E8209F55AA0061A29B /* Everything Rick and MortyTests */ = {
			isa = PBXNativeTarget;
			buildConfigurationList = 7F587800209F55AA0061A29B /* Build configuration list for PBXNativeTarget "Everything Rick and MortyTests" */;
			buildPhases = (
				78FAEBA3BE56AD62FF53A687 /* [CP] Check Pods Manifest.lock */,
				7F5877E5209F55AA0061A29B /* Sources */,
				7F5877E6209F55AA0061A29B /* Frameworks */,
				7F5877E7209F55AA0061A29B /* Resources */,
				967F45DFA94EAA29C5798797 /* [CP] Embed Pods Frameworks */,
				FE00AD306974C654DED57F43 /* [CP] Copy Pods Resources */,
			);
			buildRules = (
			);
			dependencies = (
				7F5877EB209F55AA0061A29B /* PBXTargetDependency */,
			);
			name = "Everything Rick and MortyTests";
			productName = "Everything Rick and MortyTests";
			productReference = 7F5877E9209F55AA0061A29B /* Everything Rick and MortyTests.xctest */;
			productType = "com.apple.product-type.bundle.unit-test";
		};
		7F5877F3209F55AA0061A29B /* Everything Rick and MortyUITests */ = {
			isa = PBXNativeTarget;
			buildConfigurationList = 7F587803209F55AA0061A29B /* Build configuration list for PBXNativeTarget "Everything Rick and MortyUITests" */;
			buildPhases = (
				EC1E6D57C1D176862B8C5FF0 /* [CP] Check Pods Manifest.lock */,
				7F5877F0209F55AA0061A29B /* Sources */,
				7F5877F1209F55AA0061A29B /* Frameworks */,
				7F5877F2209F55AA0061A29B /* Resources */,
				147D70164A266001C35D5E55 /* [CP] Embed Pods Frameworks */,
				E6082C18F59A9921D01333EA /* [CP] Copy Pods Resources */,
			);
			buildRules = (
			);
			dependencies = (
				7F5877F6209F55AA0061A29B /* PBXTargetDependency */,
			);
			name = "Everything Rick and MortyUITests";
			productName = "Everything Rick and MortyUITests";
			productReference = 7F5877F4209F55AA0061A29B /* Everything Rick and MortyUITests.xctest */;
			productType = "com.apple.product-type.bundle.ui-testing";
		};
/* End PBXNativeTarget section */

/* Begin PBXProject section */
		7F5877CB209F55AA0061A29B /* Project object */ = {
			isa = PBXProject;
			attributes = {
				LastSwiftUpdateCheck = 0920;
				LastUpgradeCheck = 0920;
				ORGANIZATIONNAME = gharte;
				TargetAttributes = {
					7F5877D2209F55AA0061A29B = {
						CreatedOnToolsVersion = 9.2;
						ProvisioningStyle = Automatic;
					};
					7F5877E8209F55AA0061A29B = {
						CreatedOnToolsVersion = 9.2;
						ProvisioningStyle = Automatic;
						TestTargetID = 7F5877D2209F55AA0061A29B;
					};
					7F5877F3209F55AA0061A29B = {
						CreatedOnToolsVersion = 9.2;
						ProvisioningStyle = Automatic;
						TestTargetID = 7F5877D2209F55AA0061A29B;
					};
				};
			};
			buildConfigurationList = 7F5877CE209F55AA0061A29B /* Build configuration list for PBXProject "Everything Rick and Morty" */;
			compatibilityVersion = "Xcode 8.0";
			developmentRegion = en;
			hasScannedForEncodings = 0;
			knownRegions = (
				en,
				Base,
			);
			mainGroup = 7F5877CA209F55AA0061A29B;
			productRefGroup = 7F5877D4209F55AA0061A29B /* Products */;
			projectDirPath = "";
			projectRoot = "";
			targets = (
				7F5877D2209F55AA0061A29B /* Everything Rick and Morty */,
				7F5877E8209F55AA0061A29B /* Everything Rick and MortyTests */,
				7F5877F3209F55AA0061A29B /* Everything Rick and MortyUITests */,
			);
		};
/* End PBXProject section */

/* Begin PBXResourcesBuildPhase section */
		7F5877D1209F55AA0061A29B /* Resources */ = {
			isa = PBXResourcesBuildPhase;
			buildActionMask = 2147483647;
			files = (
				7F325C1620A23DC100F5630F /* Get Schwifty.ttf in Resources */,
				7F5877E3209F55AA0061A29B /* LaunchScreen.storyboard in Resources */,
				7F5877E0209F55AA0061A29B /* Assets.xcassets in Resources */,
				7F5877DE209F55AA0061A29B /* Main.storyboard in Resources */,
			);
			runOnlyForDeploymentPostprocessing = 0;
		};
		7F5877E7209F55AA0061A29B /* Resources */ = {
			isa = PBXResourcesBuildPhase;
			buildActionMask = 2147483647;
			files = (
			);
			runOnlyForDeploymentPostprocessing = 0;
		};
		7F5877F2209F55AA0061A29B /* Resources */ = {
			isa = PBXResourcesBuildPhase;
			buildActionMask = 2147483647;
			files = (
			);
			runOnlyForDeploymentPostprocessing = 0;
		};
/* End PBXResourcesBuildPhase section */

/* Begin PBXShellScriptBuildPhase section */
		1255C5B4A5E2F9B018707A62 /* [CP] Embed Pods Frameworks */ = {
			isa = PBXShellScriptBuildPhase;
			buildActionMask = 2147483647;
			files = (
			);
			inputPaths = (
				"${SRCROOT}/Pods/Target Support Files/Pods-Everything Rick and Morty/Pods-Everything Rick and Morty-frameworks.sh",
				"${BUILT_PRODUCTS_DIR}/Alamofire/Alamofire.framework",
				"${BUILT_PRODUCTS_DIR}/Moya/Moya.framework",
				"${BUILT_PRODUCTS_DIR}/Result/Result.framework",
				"${BUILT_PRODUCTS_DIR}/SDWebImage/SDWebImage.framework",
			);
			name = "[CP] Embed Pods Frameworks";
			outputPaths = (
				"${TARGET_BUILD_DIR}/${FRAMEWORKS_FOLDER_PATH}/Alamofire.framework",
				"${TARGET_BUILD_DIR}/${FRAMEWORKS_FOLDER_PATH}/Moya.framework",
				"${TARGET_BUILD_DIR}/${FRAMEWORKS_FOLDER_PATH}/Result.framework",
				"${TARGET_BUILD_DIR}/${FRAMEWORKS_FOLDER_PATH}/SDWebImage.framework",
			);
			runOnlyForDeploymentPostprocessing = 0;
			shellPath = /bin/sh;
			shellScript = "\"${SRCROOT}/Pods/Target Support Files/Pods-Everything Rick and Morty/Pods-Everything Rick and Morty-frameworks.sh\"\n";
			showEnvVarsInLog = 0;
		};
		147D70164A266001C35D5E55 /* [CP] Embed Pods Frameworks */ = {
			isa = PBXShellScriptBuildPhase;
			buildActionMask = 2147483647;
			files = (
			);
			inputPaths = (
			);
			name = "[CP] Embed Pods Frameworks";
			outputPaths = (
			);
			runOnlyForDeploymentPostprocessing = 0;
			shellPath = /bin/sh;
			shellScript = "\"${SRCROOT}/Pods/Target Support Files/Pods-Everything Rick and MortyUITests/Pods-Everything Rick and MortyUITests-frameworks.sh\"\n";
			showEnvVarsInLog = 0;
		};
		78FAEBA3BE56AD62FF53A687 /* [CP] Check Pods Manifest.lock */ = {
			isa = PBXShellScriptBuildPhase;
			buildActionMask = 2147483647;
			files = (
			);
			inputPaths = (
				"${PODS_PODFILE_DIR_PATH}/Podfile.lock",
				"${PODS_ROOT}/Manifest.lock",
			);
			name = "[CP] Check Pods Manifest.lock";
			outputPaths = (
				"$(DERIVED_FILE_DIR)/Pods-Everything Rick and MortyTests-checkManifestLockResult.txt",
			);
			runOnlyForDeploymentPostprocessing = 0;
			shellPath = /bin/sh;
			shellScript = "diff \"${PODS_PODFILE_DIR_PATH}/Podfile.lock\" \"${PODS_ROOT}/Manifest.lock\" > /dev/null\nif [ $? != 0 ] ; then\n    # print error to STDERR\n    echo \"error: The sandbox is not in sync with the Podfile.lock. Run 'pod install' or update your CocoaPods installation.\" >&2\n    exit 1\nfi\n# This output is used by Xcode 'outputs' to avoid re-running this script phase.\necho \"SUCCESS\" > \"${SCRIPT_OUTPUT_FILE_0}\"\n";
			showEnvVarsInLog = 0;
		};
		967F45DFA94EAA29C5798797 /* [CP] Embed Pods Frameworks */ = {
			isa = PBXShellScriptBuildPhase;
			buildActionMask = 2147483647;
			files = (
			);
			inputPaths = (
			);
			name = "[CP] Embed Pods Frameworks";
			outputPaths = (
			);
			runOnlyForDeploymentPostprocessing = 0;
			shellPath = /bin/sh;
			shellScript = "\"${SRCROOT}/Pods/Target Support Files/Pods-Everything Rick and MortyTests/Pods-Everything Rick and MortyTests-frameworks.sh\"\n";
			showEnvVarsInLog = 0;
		};
		AAB1FCC48B5D5EB58B97B7E8 /* [CP] Check Pods Manifest.lock */ = {
			isa = PBXShellScriptBuildPhase;
			buildActionMask = 2147483647;
			files = (
			);
			inputPaths = (
				"${PODS_PODFILE_DIR_PATH}/Podfile.lock",
				"${PODS_ROOT}/Manifest.lock",
			);
			name = "[CP] Check Pods Manifest.lock";
			outputPaths = (
				"$(DERIVED_FILE_DIR)/Pods-Everything Rick and Morty-checkManifestLockResult.txt",
			);
			runOnlyForDeploymentPostprocessing = 0;
			shellPath = /bin/sh;
			shellScript = "diff \"${PODS_PODFILE_DIR_PATH}/Podfile.lock\" \"${PODS_ROOT}/Manifest.lock\" > /dev/null\nif [ $? != 0 ] ; then\n    # print error to STDERR\n    echo \"error: The sandbox is not in sync with the Podfile.lock. Run 'pod install' or update your CocoaPods installation.\" >&2\n    exit 1\nfi\n# This output is used by Xcode 'outputs' to avoid re-running this script phase.\necho \"SUCCESS\" > \"${SCRIPT_OUTPUT_FILE_0}\"\n";
			showEnvVarsInLog = 0;
		};
		CDF21A2A20A2526186925A65 /* [CP] Copy Pods Resources */ = {
			isa = PBXShellScriptBuildPhase;
			buildActionMask = 2147483647;
			files = (
			);
			inputPaths = (
			);
			name = "[CP] Copy Pods Resources";
			outputPaths = (
			);
			runOnlyForDeploymentPostprocessing = 0;
			shellPath = /bin/sh;
			shellScript = "\"${SRCROOT}/Pods/Target Support Files/Pods-Everything Rick and Morty/Pods-Everything Rick and Morty-resources.sh\"\n";
			showEnvVarsInLog = 0;
		};
		E6082C18F59A9921D01333EA /* [CP] Copy Pods Resources */ = {
			isa = PBXShellScriptBuildPhase;
			buildActionMask = 2147483647;
			files = (
			);
			inputPaths = (
			);
			name = "[CP] Copy Pods Resources";
			outputPaths = (
			);
			runOnlyForDeploymentPostprocessing = 0;
			shellPath = /bin/sh;
			shellScript = "\"${SRCROOT}/Pods/Target Support Files/Pods-Everything Rick and MortyUITests/Pods-Everything Rick and MortyUITests-resources.sh\"\n";
			showEnvVarsInLog = 0;
		};
		EC1E6D57C1D176862B8C5FF0 /* [CP] Check Pods Manifest.lock */ = {
			isa = PBXShellScriptBuildPhase;
			buildActionMask = 2147483647;
			files = (
			);
			inputPaths = (
				"${PODS_PODFILE_DIR_PATH}/Podfile.lock",
				"${PODS_ROOT}/Manifest.lock",
			);
			name = "[CP] Check Pods Manifest.lock";
			outputPaths = (
				"$(DERIVED_FILE_DIR)/Pods-Everything Rick and MortyUITests-checkManifestLockResult.txt",
			);
			runOnlyForDeploymentPostprocessing = 0;
			shellPath = /bin/sh;
			shellScript = "diff \"${PODS_PODFILE_DIR_PATH}/Podfile.lock\" \"${PODS_ROOT}/Manifest.lock\" > /dev/null\nif [ $? != 0 ] ; then\n    # print error to STDERR\n    echo \"error: The sandbox is not in sync with the Podfile.lock. Run 'pod install' or update your CocoaPods installation.\" >&2\n    exit 1\nfi\n# This output is used by Xcode 'outputs' to avoid re-running this script phase.\necho \"SUCCESS\" > \"${SCRIPT_OUTPUT_FILE_0}\"\n";
			showEnvVarsInLog = 0;
		};
		FE00AD306974C654DED57F43 /* [CP] Copy Pods Resources */ = {
			isa = PBXShellScriptBuildPhase;
			buildActionMask = 2147483647;
			files = (
			);
			inputPaths = (
			);
			name = "[CP] Copy Pods Resources";
			outputPaths = (
			);
			runOnlyForDeploymentPostprocessing = 0;
			shellPath = /bin/sh;
			shellScript = "\"${SRCROOT}/Pods/Target Support Files/Pods-Everything Rick and MortyTests/Pods-Everything Rick and MortyTests-resources.sh\"\n";
			showEnvVarsInLog = 0;
		};
/* End PBXShellScriptBuildPhase section */

/* Begin PBXSourcesBuildPhase section */
		7F5877CF209F55AA0061A29B /* Sources */ = {
			isa = PBXSourcesBuildPhase;
			buildActionMask = 2147483647;
			files = (
				7F5877DB209F55AA0061A29B /* EpisodeListViewController.swift in Sources */,
				7F325C1A20A36E5100F5630F /* ColorExtensions.swift in Sources */,
				7F325C2620A8728F00F5630F /* BaseListViewController.swift in Sources */,
				7F5877D7209F55AA0061A29B /* AppDelegate.swift in Sources */,
				7F587812209F65D00061A29B /* Episode.swift in Sources */,
				7F325C2C20A8D6B900F5630F /* EpisodeDetailViewController.swift in Sources */,
				7F325C1E20A4C86500F5630F /* RickImageView.swift in Sources */,
				7F325C2020A4FEE700F5630F /* CharacterDetailViewController.swift in Sources */,
				7F58780E209F5C900061A29B /* Character.swift in Sources */,
				7F325C2E20A8E68600F5630F /* DetailTableViewCell.swift in Sources */,
				7F587807209F58E00061A29B /* LocationListViewController.swift in Sources */,
				7F325C2820A8756F00F5630F /* EpisodeTableViewCell.swift in Sources */,
				7F587810209F64EA0061A29B /* Location.swift in Sources */,
				7F5877D9209F55AA0061A29B /* CharacterListViewController.swift in Sources */,
				7EB4549C4D7F6C36C9B77CE5 /* Info.swift in Sources */,
				7F325C2A20A8757A00F5630F /* LocationTableViewCell.swift in Sources */,
				7EB451C18F01497E2ADB3F36 /* RickAndMortyAPI.swift in Sources */,
				7EB455B3889191878E996AF2 /* Networkable.swift in Sources */,
				7EB45B13848C292D48F1A6E3 /* NetworkManager.swift in Sources */,
				7F58781420A05AED0061A29B /* CharacterTableViewCell.swift in Sources */,
				7F325C1C20A4C5B700F5630F /* RickView.swift in Sources */,
			);
			runOnlyForDeploymentPostprocessing = 0;
		};
		7F5877E5209F55AA0061A29B /* Sources */ = {
			isa = PBXSourcesBuildPhase;
			buildActionMask = 2147483647;
			files = (
				7F5877EE209F55AA0061A29B /* Everything_Rick_and_MortyTests.swift in Sources */,
			);
			runOnlyForDeploymentPostprocessing = 0;
		};
		7F5877F0209F55AA0061A29B /* Sources */ = {
			isa = PBXSourcesBuildPhase;
			buildActionMask = 2147483647;
			files = (
				7F5877F9209F55AA0061A29B /* Everything_Rick_and_MortyUITests.swift in Sources */,
			);
			runOnlyForDeploymentPostprocessing = 0;
		};
/* End PBXSourcesBuildPhase section */

/* Begin PBXTargetDependency section */
		7F5877EB209F55AA0061A29B /* PBXTargetDependency */ = {
			isa = PBXTargetDependency;
			target = 7F5877D2209F55AA0061A29B /* Everything Rick and Morty */;
			targetProxy = 7F5877EA209F55AA0061A29B /* PBXContainerItemProxy */;
		};
		7F5877F6209F55AA0061A29B /* PBXTargetDependency */ = {
			isa = PBXTargetDependency;
			target = 7F5877D2209F55AA0061A29B /* Everything Rick and Morty */;
			targetProxy = 7F5877F5209F55AA0061A29B /* PBXContainerItemProxy */;
		};
/* End PBXTargetDependency section */

/* Begin PBXVariantGroup section */
		7F5877DC209F55AA0061A29B /* Main.storyboard */ = {
			isa = PBXVariantGroup;
			children = (
				7F5877DD209F55AA0061A29B /* Base */,
			);
			name = Main.storyboard;
			sourceTree = "<group>";
		};
		7F5877E1209F55AA0061A29B /* LaunchScreen.storyboard */ = {
			isa = PBXVariantGroup;
			children = (
				7F5877E2209F55AA0061A29B /* Base */,
			);
			name = LaunchScreen.storyboard;
			sourceTree = "<group>";
		};
/* End PBXVariantGroup section */

/* Begin XCBuildConfiguration section */
		7F5877FB209F55AA0061A29B /* Debug */ = {
			isa = XCBuildConfiguration;
			buildSettings = {
				ALWAYS_SEARCH_USER_PATHS = NO;
				CLANG_ANALYZER_NONNULL = YES;
				CLANG_ANALYZER_NUMBER_OBJECT_CONVERSION = YES_AGGRESSIVE;
				CLANG_CXX_LANGUAGE_STANDARD = "gnu++14";
				CLANG_CXX_LIBRARY = "libc++";
				CLANG_ENABLE_MODULES = YES;
				CLANG_ENABLE_OBJC_ARC = YES;
				CLANG_WARN_BLOCK_CAPTURE_AUTORELEASING = YES;
				CLANG_WARN_BOOL_CONVERSION = YES;
				CLANG_WARN_COMMA = YES;
				CLANG_WARN_CONSTANT_CONVERSION = YES;
				CLANG_WARN_DIRECT_OBJC_ISA_USAGE = YES_ERROR;
				CLANG_WARN_DOCUMENTATION_COMMENTS = YES;
				CLANG_WARN_EMPTY_BODY = YES;
				CLANG_WARN_ENUM_CONVERSION = YES;
				CLANG_WARN_INFINITE_RECURSION = YES;
				CLANG_WARN_INT_CONVERSION = YES;
				CLANG_WARN_NON_LITERAL_NULL_CONVERSION = YES;
				CLANG_WARN_OBJC_LITERAL_CONVERSION = YES;
				CLANG_WARN_OBJC_ROOT_CLASS = YES_ERROR;
				CLANG_WARN_RANGE_LOOP_ANALYSIS = YES;
				CLANG_WARN_STRICT_PROTOTYPES = YES;
				CLANG_WARN_SUSPICIOUS_MOVE = YES;
				CLANG_WARN_UNGUARDED_AVAILABILITY = YES_AGGRESSIVE;
				CLANG_WARN_UNREACHABLE_CODE = YES;
				CLANG_WARN__DUPLICATE_METHOD_MATCH = YES;
				CODE_SIGN_IDENTITY = "iPhone Developer";
				COPY_PHASE_STRIP = NO;
				DEBUG_INFORMATION_FORMAT = dwarf;
				ENABLE_STRICT_OBJC_MSGSEND = YES;
				ENABLE_TESTABILITY = YES;
				GCC_C_LANGUAGE_STANDARD = gnu11;
				GCC_DYNAMIC_NO_PIC = NO;
				GCC_NO_COMMON_BLOCKS = YES;
				GCC_OPTIMIZATION_LEVEL = 0;
				GCC_PREPROCESSOR_DEFINITIONS = (
					"DEBUG=1",
					"$(inherited)",
				);
				GCC_WARN_64_TO_32_BIT_CONVERSION = YES;
				GCC_WARN_ABOUT_RETURN_TYPE = YES_ERROR;
				GCC_WARN_UNDECLARED_SELECTOR = YES;
				GCC_WARN_UNINITIALIZED_AUTOS = YES_AGGRESSIVE;
				GCC_WARN_UNUSED_FUNCTION = YES;
				GCC_WARN_UNUSED_VARIABLE = YES;
				IPHONEOS_DEPLOYMENT_TARGET = 11.2;
				MTL_ENABLE_DEBUG_INFO = YES;
				ONLY_ACTIVE_ARCH = YES;
				SDKROOT = iphoneos;
				SWIFT_ACTIVE_COMPILATION_CONDITIONS = DEBUG;
				SWIFT_OPTIMIZATION_LEVEL = "-Onone";
			};
			name = Debug;
		};
		7F5877FC209F55AA0061A29B /* Release */ = {
			isa = XCBuildConfiguration;
			buildSettings = {
				ALWAYS_SEARCH_USER_PATHS = NO;
				CLANG_ANALYZER_NONNULL = YES;
				CLANG_ANALYZER_NUMBER_OBJECT_CONVERSION = YES_AGGRESSIVE;
				CLANG_CXX_LANGUAGE_STANDARD = "gnu++14";
				CLANG_CXX_LIBRARY = "libc++";
				CLANG_ENABLE_MODULES = YES;
				CLANG_ENABLE_OBJC_ARC = YES;
				CLANG_WARN_BLOCK_CAPTURE_AUTORELEASING = YES;
				CLANG_WARN_BOOL_CONVERSION = YES;
				CLANG_WARN_COMMA = YES;
				CLANG_WARN_CONSTANT_CONVERSION = YES;
				CLANG_WARN_DIRECT_OBJC_ISA_USAGE = YES_ERROR;
				CLANG_WARN_DOCUMENTATION_COMMENTS = YES;
				CLANG_WARN_EMPTY_BODY = YES;
				CLANG_WARN_ENUM_CONVERSION = YES;
				CLANG_WARN_INFINITE_RECURSION = YES;
				CLANG_WARN_INT_CONVERSION = YES;
				CLANG_WARN_NON_LITERAL_NULL_CONVERSION = YES;
				CLANG_WARN_OBJC_LITERAL_CONVERSION = YES;
				CLANG_WARN_OBJC_ROOT_CLASS = YES_ERROR;
				CLANG_WARN_RANGE_LOOP_ANALYSIS = YES;
				CLANG_WARN_STRICT_PROTOTYPES = YES;
				CLANG_WARN_SUSPICIOUS_MOVE = YES;
				CLANG_WARN_UNGUARDED_AVAILABILITY = YES_AGGRESSIVE;
				CLANG_WARN_UNREACHABLE_CODE = YES;
				CLANG_WARN__DUPLICATE_METHOD_MATCH = YES;
				CODE_SIGN_IDENTITY = "iPhone Developer";
				COPY_PHASE_STRIP = NO;
				DEBUG_INFORMATION_FORMAT = "dwarf-with-dsym";
				ENABLE_NS_ASSERTIONS = NO;
				ENABLE_STRICT_OBJC_MSGSEND = YES;
				GCC_C_LANGUAGE_STANDARD = gnu11;
				GCC_NO_COMMON_BLOCKS = YES;
				GCC_WARN_64_TO_32_BIT_CONVERSION = YES;
				GCC_WARN_ABOUT_RETURN_TYPE = YES_ERROR;
				GCC_WARN_UNDECLARED_SELECTOR = YES;
				GCC_WARN_UNINITIALIZED_AUTOS = YES_AGGRESSIVE;
				GCC_WARN_UNUSED_FUNCTION = YES;
				GCC_WARN_UNUSED_VARIABLE = YES;
				IPHONEOS_DEPLOYMENT_TARGET = 11.2;
				MTL_ENABLE_DEBUG_INFO = NO;
				SDKROOT = iphoneos;
				SWIFT_OPTIMIZATION_LEVEL = "-Owholemodule";
				VALIDATE_PRODUCT = YES;
			};
			name = Release;
		};
		7F5877FE209F55AA0061A29B /* Debug */ = {
			isa = XCBuildConfiguration;
			baseConfigurationReference = C36ED23E3B66E3A46DACE3F9 /* Pods-Everything Rick and Morty.debug.xcconfig */;
			buildSettings = {
				ASSETCATALOG_COMPILER_APPICON_NAME = AppIcon;
				CODE_SIGN_STYLE = Automatic;
				DEVELOPMENT_TEAM = 74HC77L24D;
				INFOPLIST_FILE = "Everything Rick and Morty/Info.plist";
				LD_RUNPATH_SEARCH_PATHS = "$(inherited) @executable_path/Frameworks";
				PRODUCT_BUNDLE_IDENTIFIER = "com.gharte.Everything-Rick-and-Morty";
				PRODUCT_NAME = "$(TARGET_NAME)";
				SWIFT_VERSION = 4.0;
				TARGETED_DEVICE_FAMILY = "1,2";
			};
			name = Debug;
		};
		7F5877FF209F55AA0061A29B /* Release */ = {
			isa = XCBuildConfiguration;
			baseConfigurationReference = 0223317E92E6F0760327AF21 /* Pods-Everything Rick and Morty.release.xcconfig */;
			buildSettings = {
				ASSETCATALOG_COMPILER_APPICON_NAME = AppIcon;
				CODE_SIGN_STYLE = Automatic;
				DEVELOPMENT_TEAM = 74HC77L24D;
				INFOPLIST_FILE = "Everything Rick and Morty/Info.plist";
				LD_RUNPATH_SEARCH_PATHS = "$(inherited) @executable_path/Frameworks";
				PRODUCT_BUNDLE_IDENTIFIER = "com.gharte.Everything-Rick-and-Morty";
				PRODUCT_NAME = "$(TARGET_NAME)";
				SWIFT_VERSION = 4.0;
				TARGETED_DEVICE_FAMILY = "1,2";
			};
			name = Release;
		};
		7F587801209F55AA0061A29B /* Debug */ = {
			isa = XCBuildConfiguration;
			baseConfigurationReference = B9FC28A094C794986508743D /* Pods-Everything Rick and MortyTests.debug.xcconfig */;
			buildSettings = {
				ALWAYS_EMBED_SWIFT_STANDARD_LIBRARIES = YES;
				BUNDLE_LOADER = "$(TEST_HOST)";
				CODE_SIGN_STYLE = Automatic;
				DEVELOPMENT_TEAM = 74HC77L24D;
				INFOPLIST_FILE = "Everything Rick and MortyTests/Info.plist";
				LD_RUNPATH_SEARCH_PATHS = "$(inherited) @executable_path/Frameworks @loader_path/Frameworks";
				PRODUCT_BUNDLE_IDENTIFIER = "com.gharte.Everything-Rick-and-MortyTests";
				PRODUCT_NAME = "$(TARGET_NAME)";
				SWIFT_VERSION = 4.0;
				TARGETED_DEVICE_FAMILY = "1,2";
				TEST_HOST = "$(BUILT_PRODUCTS_DIR)/Everything Rick and Morty.app/Everything Rick and Morty";
			};
			name = Debug;
		};
		7F587802209F55AA0061A29B /* Release */ = {
			isa = XCBuildConfiguration;
			baseConfigurationReference = 0797110E7FE9FF2E3AB94E9B /* Pods-Everything Rick and MortyTests.release.xcconfig */;
			buildSettings = {
				ALWAYS_EMBED_SWIFT_STANDARD_LIBRARIES = YES;
				BUNDLE_LOADER = "$(TEST_HOST)";
				CODE_SIGN_STYLE = Automatic;
				DEVELOPMENT_TEAM = 74HC77L24D;
				INFOPLIST_FILE = "Everything Rick and MortyTests/Info.plist";
				LD_RUNPATH_SEARCH_PATHS = "$(inherited) @executable_path/Frameworks @loader_path/Frameworks";
				PRODUCT_BUNDLE_IDENTIFIER = "com.gharte.Everything-Rick-and-MortyTests";
				PRODUCT_NAME = "$(TARGET_NAME)";
				SWIFT_VERSION = 4.0;
				TARGETED_DEVICE_FAMILY = "1,2";
				TEST_HOST = "$(BUILT_PRODUCTS_DIR)/Everything Rick and Morty.app/Everything Rick and Morty";
			};
			name = Release;
		};
		7F587804209F55AA0061A29B /* Debug */ = {
			isa = XCBuildConfiguration;
			baseConfigurationReference = 3D7FB22B0003CC6E8C425014 /* Pods-Everything Rick and MortyUITests.debug.xcconfig */;
			buildSettings = {
				ALWAYS_EMBED_SWIFT_STANDARD_LIBRARIES = YES;
				CODE_SIGN_STYLE = Automatic;
				DEVELOPMENT_TEAM = 74HC77L24D;
				INFOPLIST_FILE = "Everything Rick and MortyUITests/Info.plist";
				LD_RUNPATH_SEARCH_PATHS = "$(inherited) @executable_path/Frameworks @loader_path/Frameworks";
				PRODUCT_BUNDLE_IDENTIFIER = "com.gharte.Everything-Rick-and-MortyUITests";
				PRODUCT_NAME = "$(TARGET_NAME)";
				SWIFT_VERSION = 4.0;
				TARGETED_DEVICE_FAMILY = "1,2";
				TEST_TARGET_NAME = "Everything Rick and Morty";
			};
			name = Debug;
		};
		7F587805209F55AA0061A29B /* Release */ = {
			isa = XCBuildConfiguration;
			baseConfigurationReference = 071098FA04C2074D4FEAE122 /* Pods-Everything Rick and MortyUITests.release.xcconfig */;
			buildSettings = {
				ALWAYS_EMBED_SWIFT_STANDARD_LIBRARIES = YES;
				CODE_SIGN_STYLE = Automatic;
				DEVELOPMENT_TEAM = 74HC77L24D;
				INFOPLIST_FILE = "Everything Rick and MortyUITests/Info.plist";
				LD_RUNPATH_SEARCH_PATHS = "$(inherited) @executable_path/Frameworks @loader_path/Frameworks";
				PRODUCT_BUNDLE_IDENTIFIER = "com.gharte.Everything-Rick-and-MortyUITests";
				PRODUCT_NAME = "$(TARGET_NAME)";
				SWIFT_VERSION = 4.0;
				TARGETED_DEVICE_FAMILY = "1,2";
				TEST_TARGET_NAME = "Everything Rick and Morty";
			};
			name = Release;
		};
/* End XCBuildConfiguration section */

/* Begin XCConfigurationList section */
		7F5877CE209F55AA0061A29B /* Build configuration list for PBXProject "Everything Rick and Morty" */ = {
			isa = XCConfigurationList;
			buildConfigurations = (
				7F5877FB209F55AA0061A29B /* Debug */,
				7F5877FC209F55AA0061A29B /* Release */,
			);
			defaultConfigurationIsVisible = 0;
			defaultConfigurationName = Release;
		};
		7F5877FD209F55AA0061A29B /* Build configuration list for PBXNativeTarget "Everything Rick and Morty" */ = {
			isa = XCConfigurationList;
			buildConfigurations = (
				7F5877FE209F55AA0061A29B /* Debug */,
				7F5877FF209F55AA0061A29B /* Release */,
			);
			defaultConfigurationIsVisible = 0;
			defaultConfigurationName = Release;
		};
		7F587800209F55AA0061A29B /* Build configuration list for PBXNativeTarget "Everything Rick and MortyTests" */ = {
			isa = XCConfigurationList;
			buildConfigurations = (
				7F587801209F55AA0061A29B /* Debug */,
				7F587802209F55AA0061A29B /* Release */,
			);
			defaultConfigurationIsVisible = 0;
			defaultConfigurationName = Release;
		};
		7F587803209F55AA0061A29B /* Build configuration list for PBXNativeTarget "Everything Rick and MortyUITests" */ = {
			isa = XCConfigurationList;
			buildConfigurations = (
				7F587804209F55AA0061A29B /* Debug */,
				7F587805209F55AA0061A29B /* Release */,
			);
			defaultConfigurationIsVisible = 0;
			defaultConfigurationName = Release;
		};
/* End XCConfigurationList section */
	};
	rootObject = 7F5877CB209F55AA0061A29B /* Project object */;
}
